// !$*UTF8*$!
{
	archiveVersion = 1;
	classes = {
	};
	objectVersion = 110;
	objects = {

/* Begin PBXBuildFile section */
		E984BF42306454DB00FD7AD6 /* WidgetKit.framework in Frameworks */ = {isa = PBXBuildFile; fileRef = E984BF41306454DB00FD7AD6 /* WidgetKit.framework */; };
		E984BF44306454DB00FD7AD6 /* SwiftUI.framework in Frameworks */ = {isa = PBXBuildFile; fileRef = E984BF43306454DB00FD7AD6 /* SwiftUI.framework */; };
		E984BF51306454DC00FD7AD6 /* NetServicesControlsExtension.appex in Embed Foundation Extensions */ = {isa = PBXBuildFile; fileRef = E984BF3F306454DB00FD7AD6 /* NetServicesControlsExtension.appex */; settings = {ATTRIBUTES = (RemoveHeadersOnCopy, ); }; };
		E984BF65306456BF00FD7AD6 /* NetServicesHelper in CopyFiles */ = {isa = PBXBuildFile; fileRef = E984BF5B3064552B00FD7AD6 /* NetServicesHelper */; settings = {ATTRIBUTES = (CodeSignOnCopy, ); }; };
		E984BF70306457A000FD7AD6 /* app.pavelkozemirov.NetServices.helper.plist in CopyFiles */ = {isa = PBXBuildFile; fileRef = E984BF71306457A000FD7AD6 /* app.pavelkozemirov.NetServices.helper.plist */; };
/* End PBXBuildFile section */

/* Begin PBXContainerItemProxy section */
		E984BF4F306454DC00FD7AD6 /* PBXContainerItemProxy */ = {
			isa = PBXContainerItemProxy;
			containerPortal = E984BF253064547A00FD7AD6 /* Project object */;
			proxyType = 1;
			remoteGlobalIDString = E984BF3E306454DB00FD7AD6;
			remoteInfo = NetServicesControlsExtension;
		};
		E984BF74306457A000FD7AD6 /* PBXContainerItemProxy */ = {
			isa = PBXContainerItemProxy;
			containerPortal = E984BF253064547A00FD7AD6 /* Project object */;
			proxyType = 1;
			remoteGlobalIDString = E984BF5A3064552B00FD7AD6;
			remoteInfo = NetServicesHelper;
		};
/* End PBXContainerItemProxy section */

/* Begin PBXCopyFilesBuildPhase section */
		E984BF56306454DC00FD7AD6 /* Embed Foundation Extensions */ = {
			isa = PBXCopyFilesBuildPhase;
			dstPath = "";
			dstSubfolder = PlugIns;
			files = (
				E984BF51306454DC00FD7AD6 /* NetServicesControlsExtension.appex in Embed Foundation Extensions */,
			);
			name = "Embed Foundation Extensions";
		};
		E984BF593064552B00FD7AD6 /* CopyFiles */ = {
			isa = PBXCopyFilesBuildPhase;
			dstPath = /usr/share/man/man1/;
			dstSubfolder = None;
			files = (
			);
			runOnlyForDeploymentPostprocessing = 1;
		};
		E984BF643064569700FD7AD6 /* CopyFiles */ = {
			isa = PBXCopyFilesBuildPhase;
			dstPath = "";
			dstSubfolder = Executables;
			files = (
				E984BF65306456BF00FD7AD6 /* NetServicesHelper in CopyFiles */,
			);
		};
		E984BF66306456D700FD7AD6 /* CopyFiles */ = {
			isa = PBXCopyFilesBuildPhase;
			dstPath = Contents/Library/LaunchDaemons;
			dstSubfolder = Wrapper;
			files = (
				E984BF70306457A000FD7AD6 /* app.pavelkozemirov.NetServices.helper.plist in CopyFiles */,
			);
		};
/* End PBXCopyFilesBuildPhase section */

/* Begin PBXFileReference section */
		E984BF2D3064547A00FD7AD6 /* NetServices Toggle.app */ = {isa = PBXFileReference; explicitFileType = wrapper.application; includeInIndex = 0; path = "NetServices Toggle.app"; sourceTree = BUILT_PRODUCTS_DIR; };
		E984BF3F306454DB00FD7AD6 /* NetServicesControlsExtension.appex */ = {isa = PBXFileReference; explicitFileType = "wrapper.app-extension"; includeInIndex = 0; path = NetServicesControlsExtension.appex; sourceTree = BUILT_PRODUCTS_DIR; };
		E984BF41306454DB00FD7AD6 /* WidgetKit.framework */ = {isa = PBXFileReference; lastKnownFileType = wrapper.framework; name = WidgetKit.framework; path = System/Library/Frameworks/WidgetKit.framework; sourceTree = SDKROOT; };
		E984BF43306454DB00FD7AD6 /* SwiftUI.framework */ = {isa = PBXFileReference; lastKnownFileType = wrapper.framework; name = SwiftUI.framework; path = System/Library/Frameworks/SwiftUI.framework; sourceTree = SDKROOT; };
		E984BF5B3064552B00FD7AD6 /* NetServicesHelper */ = {isa = PBXFileReference; explicitFileType = "compiled.mach-o.executable"; includeInIndex = 0; path = NetServicesHelper; sourceTree = BUILT_PRODUCTS_DIR; };
		E984BF63306455DA00FD7AD6 /* NetServicesControlsExtension.entitlements */ = {isa = PBXFileReference; lastKnownFileType = text.plist.entitlements; path = NetServicesControlsExtension.entitlements; sourceTree = "<group>"; };
		E984BF71306457A000FD7AD6 /* app.pavelkozemirov.NetServices.helper.plist */ = {isa = PBXFileReference; lastKnownFileType = text.plist.xml; path = app.pavelkozemirov.NetServices.helper.plist; sourceTree = "<group>"; };
		E984BF80306459A100FD7AD6 /* README.md */ = {isa = PBXFileReference; lastKnownFileType = net.daringfireball.markdown; path = README.md; sourceTree = "<group>"; };
/* End PBXFileReference section */

/* Begin PBXFileSystemSynchronizedBuildFileExceptionSet section */
		E984BF52306454DC00FD7AD6 /* Exceptions for "NetServicesControls" folder in "NetServicesControlsExtension" target */ = {
			isa = PBXFileSystemSynchronizedBuildFileExceptionSet;
			membershipExceptions = (
				Info.plist,
			);
			target = E984BF3E306454DB00FD7AD6 /* NetServicesControlsExtension */;
		};
/* End PBXFileSystemSynchronizedBuildFileExceptionSet section */

/* Begin PBXFileSystemSynchronizedRootGroup section */
		E984BF2F3064547A00FD7AD6 /* NetServices Toggle */ = {
			isa = PBXFileSystemSynchronizedRootGroup;
			path = "NetServices Toggle";
			sourceTree = "<group>";
		};
		E984BF45306454DB00FD7AD6 /* NetServicesControls */ = {
			isa = PBXFileSystemSynchronizedRootGroup;
			exceptions = (
				E984BF52306454DC00FD7AD6 /* Exceptions for "NetServicesControls" folder in "NetServicesControlsExtension" target */,
			);
			path = NetServicesControls;
			sourceTree = "<group>";
		};
		E984BF5C3064552B00FD7AD6 /* NetServicesHelper */ = {
			isa = PBXFileSystemSynchronizedRootGroup;
			path = NetServicesHelper;
			sourceTree = "<group>";
		};
		E984BF72306457A000FD7AD6 /* Shared */ = {
			isa = PBXFileSystemSynchronizedRootGroup;
			path = Shared;
			sourceTree = "<group>";
		};
/* End PBXFileSystemSynchronizedRootGroup section */

/* Begin PBXFrameworksBuildPhase section */
		E984BF2A3064547A00FD7AD6 /* Frameworks */ = {
			isa = PBXFrameworksBuildPhase;
			files = (
			);
		};
		E984BF3C306454DB00FD7AD6 /* Frameworks */ = {
			isa = PBXFrameworksBuildPhase;
			files = (
				E984BF44306454DB00FD7AD6 /* SwiftUI.framework in Frameworks */,
				E984BF42306454DB00FD7AD6 /* WidgetKit.framework in Frameworks */,
			);
		};
		E984BF583064552B00FD7AD6 /* Frameworks */ = {
			isa = PBXFrameworksBuildPhase;
			files = (
			);
		};
/* End PBXFrameworksBuildPhase section */

/* Begin PBXGroup section */
		E984BF243064547A00FD7AD6 = {
			isa = PBXGroup;
			children = (
				E984BF2F3064547A00FD7AD6 /* NetServices Toggle */,
				E984BF45306454DB00FD7AD6 /* NetServicesControls */,
				E984BF5C3064552B00FD7AD6 /* NetServicesHelper */,
				E984BF72306457A000FD7AD6 /* Shared */,
				E984BF71306457A000FD7AD6 /* app.pavelkozemirov.NetServices.helper.plist */,
				E984BF63306455DA00FD7AD6 /* NetServicesControlsExtension.entitlements */,
				E984BF80306459A100FD7AD6 /* README.md */,
				E984BF40306454DB00FD7AD6 /* Frameworks */,
				E984BF2E3064547A00FD7AD6 /* Products */,
			);
			sourceTree = "<group>";
		};
		E984BF2E3064547A00FD7AD6 /* Products */ = {
			isa = PBXGroup;
			children = (
				E984BF2D3064547A00FD7AD6 /* NetServices Toggle.app */,
				E984BF3F306454DB00FD7AD6 /* NetServicesControlsExtension.appex */,
				E984BF5B3064552B00FD7AD6 /* NetServicesHelper */,
			);
			name = Products;
			sourceTree = "<group>";
		};
		E984BF40306454DB00FD7AD6 /* Frameworks */ = {
			isa = PBXGroup;
			children = (
				E984BF41306454DB00FD7AD6 /* WidgetKit.framework */,
				E984BF43306454DB00FD7AD6 /* SwiftUI.framework */,
			);
			name = Frameworks;
			sourceTree = "<group>";
		};
/* End PBXGroup section */

/* Begin PBXNativeTarget section */
		E984BF2C3064547A00FD7AD6 /* NetServices Toggle */ = {
			isa = PBXNativeTarget;
			buildConfigurationList = E984BF383064547B00FD7AD6 /* Build configuration list for PBXNativeTarget "NetServices Toggle" */;
			buildPhases = (
				E984BF293064547A00FD7AD6 /* Sources */,
				E984BF2A3064547A00FD7AD6 /* Frameworks */,
				E984BF2B3064547A00FD7AD6 /* Resources */,
				E984BF56306454DC00FD7AD6 /* Embed Foundation Extensions */,
				E984BF643064569700FD7AD6 /* CopyFiles */,
				E984BF66306456D700FD7AD6 /* CopyFiles */,
			);
			buildRules = (
			);
			dependencies = (
				E984BF50306454DC00FD7AD6 /* PBXTargetDependency */,
				E984BF73306457A000FD7AD6 /* PBXTargetDependency */,
			);
			fileSystemSynchronizedGroups = (
				E984BF2F3064547A00FD7AD6 /* NetServices Toggle */,
				E984BF72306457A000FD7AD6 /* Shared */,
			);
			name = "NetServices Toggle";
			productName = "NetServices Toggle";
			productReference = E984BF2D3064547A00FD7AD6 /* NetServices Toggle.app */;
			productType = "com.apple.product-type.application";
		};
		E984BF3E306454DB00FD7AD6 /* NetServicesControlsExtension */ = {
			isa = PBXNativeTarget;
			buildConfigurationList = E984BF53306454DC00FD7AD6 /* Build configuration list for PBXNativeTarget "NetServicesControlsExtension" */;
			buildPhases = (
				E984BF3B306454DB00FD7AD6 /* Sources */,
				E984BF3C306454DB00FD7AD6 /* Frameworks */,
				E984BF3D306454DB00FD7AD6 /* Resources */,
			);
			buildRules = (
			);
			fileSystemSynchronizedGroups = (
				E984BF45306454DB00FD7AD6 /* NetServicesControls */,
				E984BF72306457A000FD7AD6 /* Shared */,
			);
			name = NetServicesControlsExtension;
			productName = NetServicesControlsExtension;
			productReference = E984BF3F306454DB00FD7AD6 /* NetServicesControlsExtension.appex */;
			productType = "com.apple.product-type.app-extension";
		};
		E984BF5A3064552B00FD7AD6 /* NetServicesHelper */ = {
			isa = PBXNativeTarget;
			buildConfigurationList = E984BF5F3064552B00FD7AD6 /* Build configuration list for PBXNativeTarget "NetServicesHelper" */;
			buildPhases = (
				E984BF573064552B00FD7AD6 /* Sources */,
				E984BF583064552B00FD7AD6 /* Frameworks */,
				E984BF593064552B00FD7AD6 /* CopyFiles */,
			);
			buildRules = (
			);
			fileSystemSynchronizedGroups = (
				E984BF5C3064552B00FD7AD6 /* NetServicesHelper */,
				E984BF72306457A000FD7AD6 /* Shared */,
			);
			name = NetServicesHelper;
			productName = NetServicesHelper;
			productReference = E984BF5B3064552B00FD7AD6 /* NetServicesHelper */;
			productType = "com.apple.product-type.tool";
		};
/* End PBXNativeTarget section */

/* Begin PBXProject section */
		E984BF253064547A00FD7AD6 /* Project object */ = {
			isa = PBXProject;
			attributes = {
				BuildIndependentTargetsInParallel = 1;
				LastSwiftUpdateCheck = 2700;
				LastUpgradeCheck = 2700;
				TargetAttributes = {
					E984BF2C3064547A00FD7AD6 = {
						CreatedOnToolsVersion = 27.0;
					};
					E984BF3E306454DB00FD7AD6 = {
						CreatedOnToolsVersion = 27.0;
					};
					E984BF5A3064552B00FD7AD6 = {
						CreatedOnToolsVersion = 27.0;
					};
				};
			};
			buildConfigurationList = E984BF283064547A00FD7AD6 /* Build configuration list for PBXProject "NetServices Toggle" */;
			developmentRegion = en;
			hasScannedForEncodings = 0;
			knownRegions = (
				en,
				Base,
			);
			mainGroup = E984BF243064547A00FD7AD6;
			minimizedProjectReferenceProxies = 1;
			preferredProjectObjectVersion = 77;
			productRefGroup = E984BF2E3064547A00FD7AD6 /* Products */;
			projectDirPath = "";
			projectRoot = "";
			targets = (
				E984BF2C3064547A00FD7AD6 /* NetServices Toggle */,
				E984BF3E306454DB00FD7AD6 /* NetServicesControlsExtension */,
				E984BF5A3064552B00FD7AD6 /* NetServicesHelper */,
			);
		};
/* End PBXProject section */

/* Begin PBXResourcesBuildPhase section */
		E984BF2B3064547A00FD7AD6 /* Resources */ = {
			isa = PBXResourcesBuildPhase;
			files = (
			);
		};
		E984BF3D306454DB00FD7AD6 /* Resources */ = {
			isa = PBXResourcesBuildPhase;
			files = (
			);
		};
/* End PBXResourcesBuildPhase section */

/* Begin PBXSourcesBuildPhase section */
		E984BF293064547A00FD7AD6 /* Sources */ = {
			isa = PBXSourcesBuildPhase;
			files = (
			);
		};
		E984BF3B306454DB00FD7AD6 /* Sources */ = {
			isa = PBXSourcesBuildPhase;
			files = (
			);
		};
		E984BF573064552B00FD7AD6 /* Sources */ = {
			isa = PBXSourcesBuildPhase;
			files = (
			);
		};
/* End PBXSourcesBuildPhase section */

/* Begin PBXTargetDependency section */
		E984BF50306454DC00FD7AD6 /* PBXTargetDependency */ = {
			isa = PBXTargetDependency;
			target = E984BF3E306454DB00FD7AD6 /* NetServicesControlsExtension */;
			targetProxy = E984BF4F306454DC00FD7AD6 /* PBXContainerItemProxy */;
		};
		E984BF73306457A000FD7AD6 /* PBXTargetDependency */ = {
			isa = PBXTargetDependency;
			target = E984BF5A3064552B00FD7AD6 /* NetServicesHelper */;
			targetProxy = E984BF74306457A000FD7AD6 /* PBXContainerItemProxy */;
		};
/* End PBXTargetDependency section */

/* Begin XCBuildConfiguration section */
		E984BF363064547B00FD7AD6 /* Debug configuration for PBXProject "NetServices Toggle" */ = {
			isa = XCBuildConfiguration;
			buildSettings = {
				ALWAYS_SEARCH_USER_PATHS = NO;
				ASSETCATALOG_COMPILER_GENERATE_SWIFT_ASSET_SYMBOL_EXTENSIONS = YES;
				CLANG_ANALYZER_NONNULL = YES;
				CLANG_ANALYZER_NUMBER_OBJECT_CONVERSION = YES_AGGRESSIVE;
				CLANG_CXX_LANGUAGE_STANDARD = "gnu++20";
				CLANG_ENABLE_MODULES = YES;
				CLANG_ENABLE_OBJC_ARC = YES;
				CLANG_ENABLE_OBJC_WEAK = YES;
				CLANG_WARN_BLOCK_CAPTURE_AUTORELEASING = YES;
				CLANG_WARN_BOOL_CONVERSION = YES;
				CLANG_WARN_COMMA = YES;
				CLANG_WARN_CONSTANT_CONVERSION = YES;
				CLANG_WARN_DEPRECATED_OBJC_IMPLEMENTATIONS = YES;
				CLANG_WARN_DIRECT_OBJC_ISA_USAGE = YES_ERROR;
				CLANG_WARN_DOCUMENTATION_COMMENTS = YES;
				CLANG_WARN_EMPTY_BODY = YES;
				CLANG_WARN_ENUM_CONVERSION = YES;
				CLANG_WARN_INFINITE_RECURSION = YES;
				CLANG_WARN_INT_CONVERSION = YES;
				CLANG_WARN_NON_LITERAL_NULL_CONVERSION = YES;
				CLANG_WARN_OBJC_IMPLICIT_RETAIN_SELF = YES;
				CLANG_WARN_OBJC_LITERAL_CONVERSION = YES;
				CLANG_WARN_OBJC_ROOT_CLASS = YES_ERROR;
				CLANG_WARN_QUOTED_INCLUDE_IN_FRAMEWORK_HEADER = YES;
				CLANG_WARN_RANGE_LOOP_ANALYSIS = YES;
				CLANG_WARN_STRICT_PROTOTYPES = YES;
				CLANG_WARN_SUSPICIOUS_MOVE = YES;
				CLANG_WARN_UNGUARDED_AVAILABILITY = YES_AGGRESSIVE;
				CLANG_WARN_UNREACHABLE_CODE = YES;
				CLANG_WARN__DUPLICATE_METHOD_MATCH = YES;
				COPY_PHASE_STRIP = NO;
				DEBUG_INFORMATION_FORMAT = dwarf;
				DEVELOPMENT_TEAM = T7VDL5R876;
				ENABLE_STRICT_OBJC_MSGSEND = YES;
				ENABLE_TESTABILITY = YES;
				ENABLE_USER_SCRIPT_SANDBOXING = YES;
				GCC_C_LANGUAGE_STANDARD = gnu17;
				GCC_DYNAMIC_NO_PIC = NO;
				GCC_NO_COMMON_BLOCKS = YES;
				GCC_OPTIMIZATION_LEVEL = 0;
				GCC_PREPROCESSOR_DEFINITIONS = (
					"DEBUG=1",
					"$(inherited)",
				);
				GCC_WARN_64_TO_32_BIT_CONVERSION = YES;
				GCC_WARN_ABOUT_RETURN_TYPE = YES_ERROR;
				GCC_WARN_UNDECLARED_SELECTOR = YES;
				GCC_WARN_UNINITIALIZED_AUTOS = YES_AGGRESSIVE;
				GCC_WARN_UNUSED_FUNCTION = YES;
				GCC_WARN_UNUSED_VARIABLE = YES;
				LOCALIZATION_PREFERS_STRING_CATALOGS = YES;
				MACOSX_DEPLOYMENT_TARGET = 26.0;
				MTL_ENABLE_DEBUG_INFO = INCLUDE_SOURCE;
				MTL_FAST_MATH = YES;
				ONLY_ACTIVE_ARCH = YES;
				SDKROOT = macosx;
				SWIFT_ACTIVE_COMPILATION_CONDITIONS = "DEBUG $(inherited)";
				SWIFT_OPTIMIZATION_LEVEL = "-Onone";
			};
			name = Debug;
		};
		E984BF373064547B00FD7AD6 /* Release configuration for PBXProject "NetServices Toggle" */ = {
			isa = XCBuildConfiguration;
			buildSettings = {
				ALWAYS_SEARCH_USER_PATHS = NO;
				ASSETCATALOG_COMPILER_GENERATE_SWIFT_ASSET_SYMBOL_EXTENSIONS = YES;
				CLANG_ANALYZER_NONNULL = YES;
				CLANG_ANALYZER_NUMBER_OBJECT_CONVERSION = YES_AGGRESSIVE;
				CLANG_CXX_LANGUAGE_STANDARD = "gnu++20";
				CLANG_ENABLE_MODULES = YES;
				CLANG_ENABLE_OBJC_ARC = YES;
				CLANG_ENABLE_OBJC_WEAK = YES;
				CLANG_WARN_BLOCK_CAPTURE_AUTORELEASING = YES;
				CLANG_WARN_BOOL_CONVERSION = YES;
				CLANG_WARN_COMMA = YES;
				CLANG_WARN_CONSTANT_CONVERSION = YES;
				CLANG_WARN_DEPRECATED_OBJC_IMPLEMENTATIONS = YES;
				CLANG_WARN_DIRECT_OBJC_ISA_USAGE = YES_ERROR;
				CLANG_WARN_DOCUMENTATION_COMMENTS = YES;
				CLANG_WARN_EMPTY_BODY = YES;
				CLANG_WARN_ENUM_CONVERSION = YES;
				CLANG_WARN_INFINITE_RECURSION = YES;
				CLANG_WARN_INT_CONVERSION = YES;
				CLANG_WARN_NON_LITERAL_NULL_CONVERSION = YES;
				CLANG_WARN_OBJC_IMPLICIT_RETAIN_SELF = YES;
				CLANG_WARN_OBJC_LITERAL_CONVERSION = YES;
				CLANG_WARN_OBJC_ROOT_CLASS = YES_ERROR;
				CLANG_WARN_QUOTED_INCLUDE_IN_FRAMEWORK_HEADER = YES;
				CLANG_WARN_RANGE_LOOP_ANALYSIS = YES;
				CLANG_WARN_STRICT_PROTOTYPES = YES;
				CLANG_WARN_SUSPICIOUS_MOVE = YES;
				CLANG_WARN_UNGUARDED_AVAILABILITY = YES_AGGRESSIVE;
				CLANG_WARN_UNREACHABLE_CODE = YES;
				CLANG_WARN__DUPLICATE_METHOD_MATCH = YES;
				COPY_PHASE_STRIP = NO;
				DEBUG_INFORMATION_FORMAT = "dwarf-with-dsym";
				DEVELOPMENT_TEAM = T7VDL5R876;
				ENABLE_NS_ASSERTIONS = NO;
				ENABLE_STRICT_OBJC_MSGSEND = YES;
				ENABLE_USER_SCRIPT_SANDBOXING = YES;
				GCC_C_LANGUAGE_STANDARD = gnu17;
				GCC_NO_COMMON_BLOCKS = YES;
				GCC_WARN_64_TO_32_BIT_CONVERSION = YES;
				GCC_WARN_ABOUT_RETURN_TYPE = YES_ERROR;
				GCC_WARN_UNDECLARED_SELECTOR = YES;
				GCC_WARN_UNINITIALIZED_AUTOS = YES_AGGRESSIVE;
				GCC_WARN_UNUSED_FUNCTION = YES;
				GCC_WARN_UNUSED_VARIABLE = YES;
				LOCALIZATION_PREFERS_STRING_CATALOGS = YES;
				MACOSX_DEPLOYMENT_TARGET = 26.0;
				MTL_ENABLE_DEBUG_INFO = NO;
				MTL_FAST_MATH = YES;
				SDKROOT = macosx;
				SWIFT_COMPILATION_MODE = wholemodule;
			};
			name = Release;
		};
		E984BF393064547B00FD7AD6 /* Debug configuration for PBXNativeTarget "NetServices Toggle" */ = {
			isa = XCBuildConfiguration;
			buildSettings = {
				ASSETCATALOG_COMPILER_APPICON_NAME = AppIcon;
				ASSETCATALOG_COMPILER_GLOBAL_ACCENT_COLOR_NAME = AccentColor;
				CODE_SIGN_ENTITLEMENTS = "NetServices Toggle/NetServices Toggle.entitlements";
				CODE_SIGN_STYLE = Automatic;
				COMBINE_HIDPI_IMAGES = YES;
				CURRENT_PROJECT_VERSION = 1;
				DEVELOPMENT_TEAM = T7VDL5R876;
				ENABLE_APP_SANDBOX = NO;
				ENABLE_HARDENED_RUNTIME = YES;
				ENABLE_PREVIEWS = YES;
				GENERATE_INFOPLIST_FILE = YES;
				INFOPLIST_KEY_CFBundleDisplayName = "Network Toggle";
				INFOPLIST_KEY_LSUIElement = YES;
				INFOPLIST_KEY_NSHumanReadableCopyright = "";
				LD_RUNPATH_SEARCH_PATHS = (
					"$(inherited)",
					"@executable_path/../Frameworks",
				);
				MARKETING_VERSION = 1.0;
				PRODUCT_BUNDLE_IDENTIFIER = "app.pavelkozemirov.NetServices-Toggle";
				PRODUCT_NAME = "$(TARGET_NAME)";
				REGISTER_APP_GROUPS = YES;
				STRING_CATALOG_GENERATE_SYMBOLS = YES;
				SWIFT_APPROACHABLE_CONCURRENCY = YES;
				SWIFT_DEFAULT_ACTOR_ISOLATION = nonisolated;
				SWIFT_EMIT_LOC_STRINGS = YES;
				SWIFT_UPCOMING_FEATURE_MEMBER_IMPORT_VISIBILITY = YES;
				SWIFT_VERSION = 5.0;
			};
			name = Debug;
		};
		E984BF3A3064547B00FD7AD6 /* Release configuration for PBXNativeTarget "NetServices Toggle" */ = {
			isa = XCBuildConfiguration;
			buildSettings = {
				ASSETCATALOG_COMPILER_APPICON_NAME = AppIcon;
				ASSETCATALOG_COMPILER_GLOBAL_ACCENT_COLOR_NAME = AccentColor;
				CODE_SIGN_ENTITLEMENTS = "NetServices Toggle/NetServices Toggle.entitlements";
				CODE_SIGN_STYLE = Automatic;
				COMBINE_HIDPI_IMAGES = YES;
				CURRENT_PROJECT_VERSION = 1;
				DEVELOPMENT_TEAM = T7VDL5R876;
				ENABLE_APP_SANDBOX = NO;
				ENABLE_HARDENED_RUNTIME = YES;
				ENABLE_PREVIEWS = YES;
				GENERATE_INFOPLIST_FILE = YES;
				INFOPLIST_KEY_CFBundleDisplayName = "Network Toggle";
				INFOPLIST_KEY_LSUIElement = YES;
				INFOPLIST_KEY_NSHumanReadableCopyright = "";
				LD_RUNPATH_SEARCH_PATHS = (
					"$(inherited)",
					"@executable_path/../Frameworks",
				);
				MARKETING_VERSION = 1.0;
				PRODUCT_BUNDLE_IDENTIFIER = "app.pavelkozemirov.NetServices-Toggle";
				PRODUCT_NAME = "$(TARGET_NAME)";
				REGISTER_APP_GROUPS = YES;
				STRING_CATALOG_GENERATE_SYMBOLS = YES;
				SWIFT_APPROACHABLE_CONCURRENCY = YES;
				SWIFT_DEFAULT_ACTOR_ISOLATION = nonisolated;
				SWIFT_EMIT_LOC_STRINGS = YES;
				SWIFT_UPCOMING_FEATURE_MEMBER_IMPORT_VISIBILITY = YES;
				SWIFT_VERSION = 5.0;
			};
			name = Release;
		};
		E984BF54306454DC00FD7AD6 /* Debug configuration for PBXNativeTarget "NetServicesControlsExtension" */ = {
			isa = XCBuildConfiguration;
			buildSettings = {
				ASSETCATALOG_COMPILER_GLOBAL_ACCENT_COLOR_NAME = AccentColor;
				ASSETCATALOG_COMPILER_WIDGET_BACKGROUND_COLOR_NAME = WidgetBackground;
				CODE_SIGN_ENTITLEMENTS = NetServicesControlsExtension.entitlements;
				CODE_SIGN_STYLE = Automatic;
				CURRENT_PROJECT_VERSION = 1;
				DEVELOPMENT_TEAM = T7VDL5R876;
				ENABLE_APP_SANDBOX = YES;
				ENABLE_HARDENED_RUNTIME = YES;
				GENERATE_INFOPLIST_FILE = YES;
				INFOPLIST_FILE = NetServicesControls/Info.plist;
				INFOPLIST_KEY_CFBundleDisplayName = NetServicesControls;
				INFOPLIST_KEY_NSHumanReadableCopyright = "";
				LD_RUNPATH_SEARCH_PATHS = (
					"$(inherited)",
					"@executable_path/../Frameworks",
					"@executable_path/../../../../Frameworks",
				);
				MACOSX_DEPLOYMENT_TARGET = 26.0;
				MARKETING_VERSION = 1.0;
				PRODUCT_BUNDLE_IDENTIFIER = "app.pavelkozemirov.NetServices-Toggle.NetServicesControls";
				PRODUCT_NAME = "$(TARGET_NAME)";
				REGISTER_APP_GROUPS = YES;
				SKIP_INSTALL = YES;
				STRING_CATALOG_GENERATE_SYMBOLS = YES;
				SWIFT_APPROACHABLE_CONCURRENCY = YES;
				SWIFT_EMIT_LOC_STRINGS = YES;
				SWIFT_UPCOMING_FEATURE_MEMBER_IMPORT_VISIBILITY = YES;
				SWIFT_VERSION = 5.0;
			};
			name = Debug;
		};
		E984BF55306454DC00FD7AD6 /* Release configuration for PBXNativeTarget "NetServicesControlsExtension" */ = {
			isa = XCBuildConfiguration;
			buildSettings = {
				ASSETCATALOG_COMPILER_GLOBAL_ACCENT_COLOR_NAME = AccentColor;
				ASSETCATALOG_COMPILER_WIDGET_BACKGROUND_COLOR_NAME = WidgetBackground;
				CODE_SIGN_ENTITLEMENTS = NetServicesControlsExtension.entitlements;
				CODE_SIGN_STYLE = Automatic;
				CURRENT_PROJECT_VERSION = 1;
				DEVELOPMENT_TEAM = T7VDL5R876;
				ENABLE_APP_SANDBOX = YES;
				ENABLE_HARDENED_RUNTIME = YES;
				GENERATE_INFOPLIST_FILE = YES;
				INFOPLIST_FILE = NetServicesControls/Info.plist;
				INFOPLIST_KEY_CFBundleDisplayName = NetServicesControls;
				INFOPLIST_KEY_NSHumanReadableCopyright = "";
				LD_RUNPATH_SEARCH_PATHS = (
					"$(inherited)",
					"@executable_path/../Frameworks",
					"@executable_path/../../../../Frameworks",
				);
				MACOSX_DEPLOYMENT_TARGET = 26.0;
				MARKETING_VERSION = 1.0;
				PRODUCT_BUNDLE_IDENTIFIER = "app.pavelkozemirov.NetServices-Toggle.NetServicesControls";
				PRODUCT_NAME = "$(TARGET_NAME)";
				REGISTER_APP_GROUPS = YES;
				SKIP_INSTALL = YES;
				STRING_CATALOG_GENERATE_SYMBOLS = YES;
				SWIFT_APPROACHABLE_CONCURRENCY = YES;
				SWIFT_EMIT_LOC_STRINGS = YES;
				SWIFT_UPCOMING_FEATURE_MEMBER_IMPORT_VISIBILITY = YES;
				SWIFT_VERSION = 5.0;
			};
			name = Release;
		};
		E984BF603064552B00FD7AD6 /* Debug configuration for PBXNativeTarget "NetServicesHelper" */ = {
			isa = XCBuildConfiguration;
			buildSettings = {
				CODE_SIGN_STYLE = Automatic;
				CREATE_INFOPLIST_SECTION_IN_BINARY = YES;
				DEVELOPMENT_TEAM = T7VDL5R876;
				ENABLE_HARDENED_RUNTIME = YES;
				GENERATE_INFOPLIST_FILE = YES;
				PRODUCT_BUNDLE_IDENTIFIER = app.pavelkozemirov.NetServices.helper;
				PRODUCT_NAME = "$(TARGET_NAME)";
				SWIFT_APPROACHABLE_CONCURRENCY = YES;
				SWIFT_UPCOMING_FEATURE_MEMBER_IMPORT_VISIBILITY = YES;
				SWIFT_VERSION = 5.0;
			};
			name = Debug;
		};
		E984BF613064552B00FD7AD6 /* Release configuration for PBXNativeTarget "NetServicesHelper" */ = {
			isa = XCBuildConfiguration;
			buildSettings = {
				CODE_SIGN_STYLE = Automatic;
				CREATE_INFOPLIST_SECTION_IN_BINARY = YES;
				DEVELOPMENT_TEAM = T7VDL5R876;
				ENABLE_HARDENED_RUNTIME = YES;
				GENERATE_INFOPLIST_FILE = YES;
				PRODUCT_BUNDLE_IDENTIFIER = app.pavelkozemirov.NetServices.helper;
				PRODUCT_NAME = "$(TARGET_NAME)";
				SWIFT_APPROACHABLE_CONCURRENCY = YES;
				SWIFT_UPCOMING_FEATURE_MEMBER_IMPORT_VISIBILITY = YES;
				SWIFT_VERSION = 5.0;
			};
			name = Release;
		};
/* End XCBuildConfiguration section */

/* Begin XCConfigurationList section */
		E984BF283064547A00FD7AD6 /* Build configuration list for PBXProject "NetServices Toggle" */ = {
			isa = XCConfigurationList;
			buildConfigurations = (
				E984BF363064547B00FD7AD6 /* Debug configuration for PBXProject "NetServices Toggle" */,
				E984BF373064547B00FD7AD6 /* Release configuration for PBXProject "NetServices Toggle" */,
			);
			defaultConfigurationName = Release;
		};
		E984BF383064547B00FD7AD6 /* Build configuration list for PBXNativeTarget "NetServices Toggle" */ = {
			isa = XCConfigurationList;
			buildConfigurations = (
				E984BF393064547B00FD7AD6 /* Debug configuration for PBXNativeTarget "NetServices Toggle" */,
				E984BF3A3064547B00FD7AD6 /* Release configuration for PBXNativeTarget "NetServices Toggle" */,
			);
			defaultConfigurationName = Release;
		};
		E984BF53306454DC00FD7AD6 /* Build configuration list for PBXNativeTarget "NetServicesControlsExtension" */ = {
			isa = XCConfigurationList;
			buildConfigurations = (
				E984BF54306454DC00FD7AD6 /* Debug configuration for PBXNativeTarget "NetServicesControlsExtension" */,
				E984BF55306454DC00FD7AD6 /* Release configuration for PBXNativeTarget "NetServicesControlsExtension" */,
			);
			defaultConfigurationName = Release;
		};
		E984BF5F3064552B00FD7AD6 /* Build configuration list for PBXNativeTarget "NetServicesHelper" */ = {
			isa = XCConfigurationList;
			buildConfigurations = (
				E984BF603064552B00FD7AD6 /* Debug configuration for PBXNativeTarget "NetServicesHelper" */,
				E984BF613064552B00FD7AD6 /* Release configuration for PBXNativeTarget "NetServicesHelper" */,
			);
			defaultConfigurationName = Release;
		};
/* End XCConfigurationList section */
	};
	rootObject = E984BF253064547A00FD7AD6 /* Project object */;
	validationLevel = 1;
}
